// !$*UTF8*$!
{
	archiveVersion = 1;
	classes = {
	};
	objectVersion = 63;
	objects = {

/* Begin PBXBuildFile section */
		A4625CEE2C840E7B0062F4CB /* UIExtensions in Frameworks */ = {isa = PBXBuildFile; productRef = A4625CED2C840E7B0062F4CB /* UIExtensions */; };
		A4898AB42CC774F2005222FB /* TONKit in Frameworks */ = {isa = PBXBuildFile; productRef = A4898AB32CC774F2005222FB /* TONKit */; };
		A4898ACA2CC77514005222FB /* LoginViewModel.swift in Sources */ = {isa = PBXBuildFile; fileRef = A4898ABA2CC77514005222FB /* LoginViewModel.swift */; };
		A4898ACB2CC77514005222FB /* MainView.swift in Sources */ = {isa = PBXBuildFile; fileRef = A4898ABB2CC77514005222FB /* MainView.swift */; };
		A4898ACC2CC77514005222FB /* AppView.swift in Sources */ = {isa = PBXBuildFile; fileRef = A4898AC12CC77514005222FB /* AppView.swift */; };
		A4898ACD2CC77514005222FB /* AppViewModel.swift in Sources */ = {isa = PBXBuildFile; fileRef = A4898AC22CC77514005222FB /* AppViewModel.swift */; };
		A4898ACF2CC77514005222FB /* Extensions.swift in Sources */ = {isa = PBXBuildFile; fileRef = A4898AC52CC77514005222FB /* Extensions.swift */; };
		A4898AD02CC77514005222FB /* EventViewModel.swift in Sources */ = {isa = PBXBuildFile; fileRef = A4898AB82CC77514005222FB /* EventViewModel.swift */; };
		A4898AD12CC77514005222FB /* SendView.swift in Sources */ = {isa = PBXBuildFile; fileRef = A4898ABE2CC77514005222FB /* SendView.swift */; };
		A4898AD22CC77514005222FB /* EventView.swift in Sources */ = {isa = PBXBuildFile; fileRef = A4898AB72CC77514005222FB /* EventView.swift */; };
		A4898AD32CC77514005222FB /* LoginView.swift in Sources */ = {isa = PBXBuildFile; fileRef = A4898AB92CC77514005222FB /* LoginView.swift */; };
		A4898AD42CC77514005222FB /* BalanceViewModel.swift in Sources */ = {isa = PBXBuildFile; fileRef = A4898AB62CC77514005222FB /* BalanceViewModel.swift */; };
		A4898AD52CC77514005222FB /* ReceiveView.swift in Sources */ = {isa = PBXBuildFile; fileRef = A4898ABC2CC77514005222FB /* ReceiveView.swift */; };
		A4898AD62CC77514005222FB /* BalanceView.swift in Sources */ = {isa = PBXBuildFile; fileRef = A4898AB52CC77514005222FB /* BalanceView.swift */; };
		A4898AD72CC77514005222FB /* Configuration.swift in Sources */ = {isa = PBXBuildFile; fileRef = A4898AC42CC77514005222FB /* Configuration.swift */; };
		A4898AD82CC77514005222FB /* SendViewModel.swift in Sources */ = {isa = PBXBuildFile; fileRef = A4898ABF2CC77514005222FB /* SendViewModel.swift */; };
		A4898AD92CC77514005222FB /* ReceiveViewModel.swift in Sources */ = {isa = PBXBuildFile; fileRef = A4898ABD2CC77514005222FB /* ReceiveViewModel.swift */; };
		A4898ADA2CC77514005222FB /* Assets.xcassets in Resources */ = {isa = PBXBuildFile; fileRef = A4898AC32CC77514005222FB /* Assets.xcassets */; };
		A4898ADE2CC77528005222FB /* Launch Screen.storyboard in Resources */ = {isa = PBXBuildFile; fileRef = A4898ADD2CC77528005222FB /* Launch Screen.storyboard */; };
		A4D997802C86A79C00229C75 /* TONKit in Frameworks */ = {isa = PBXBuildFile; productRef = A4D9977F2C86A79C00229C75 /* TONKit */; };
		D3F4CFF328EAE791002DB520 /* RxSwift in Frameworks */ = {isa = PBXBuildFile; productRef = D3F4CFF228EAE791002DB520 /* RxSwift */; };
/* End PBXBuildFile section */

/* Begin PBXFileReference section */
		607FACD01AFB9204008FA782 /* TONKit-Example.app */ = {isa = PBXFileReference; explicitFileType = wrapper.application; includeInIndex = 0; path = "TONKit-Example.app"; sourceTree = BUILT_PRODUCTS_DIR; };
		A4898AB52CC77514005222FB /* BalanceView.swift */ = {isa = PBXFileReference; lastKnownFileType = sourcecode.swift; path = BalanceView.swift; sourceTree = "<group>"; };
		A4898AB62CC77514005222FB /* BalanceViewModel.swift */ = {isa = PBXFileReference; lastKnownFileType = sourcecode.swift; path = BalanceViewModel.swift; sourceTree = "<group>"; };
		A4898AB72CC77514005222FB /* EventView.swift */ = {isa = PBXFileReference; lastKnownFileType = sourcecode.swift; path = EventView.swift; sourceTree = "<group>"; };
		A4898AB82CC77514005222FB /* EventViewModel.swift */ = {isa = PBXFileReference; lastKnownFileType = sourcecode.swift; path = EventViewModel.swift; sourceTree = "<group>"; };
		A4898AB92CC77514005222FB /* LoginView.swift */ = {isa = PBXFileReference; lastKnownFileType = sourcecode.swift; path = LoginView.swift; sourceTree = "<group>"; };
		A4898ABA2CC77514005222FB /* LoginViewModel.swift */ = {isa = PBXFileReference; lastKnownFileType = sourcecode.swift; path = LoginViewModel.swift; sourceTree = "<group>"; };
		A4898ABB2CC77514005222FB /* MainView.swift */ = {isa = PBXFileReference; lastKnownFileType = sourcecode.swift; path = MainView.swift; sourceTree = "<group>"; };
		A4898ABC2CC77514005222FB /* ReceiveView.swift */ = {isa = PBXFileReference; lastKnownFileType = sourcecode.swift; path = ReceiveView.swift; sourceTree = "<group>"; };
		A4898ABD2CC77514005222FB /* ReceiveViewModel.swift */ = {isa = PBXFileReference; lastKnownFileType = sourcecode.swift; path = ReceiveViewModel.swift; sourceTree = "<group>"; };
		A4898ABE2CC77514005222FB /* SendView.swift */ = {isa = PBXFileReference; lastKnownFileType = sourcecode.swift; path = SendView.swift; sourceTree = "<group>"; };
		A4898ABF2CC77514005222FB /* SendViewModel.swift */ = {isa = PBXFileReference; lastKnownFileType = sourcecode.swift; path = SendViewModel.swift; sourceTree = "<group>"; };
		A4898AC12CC77514005222FB /* AppView.swift */ = {isa = PBXFileReference; lastKnownFileType = sourcecode.swift; path = AppView.swift; sourceTree = "<group>"; };
		A4898AC22CC77514005222FB /* AppViewModel.swift */ = {isa = PBXFileReference; lastKnownFileType = sourcecode.swift; path = AppViewModel.swift; sourceTree = "<group>"; };
		A4898AC32CC77514005222FB /* Assets.xcassets */ = {isa = PBXFileReference; lastKnownFileType = folder.assetcatalog; path = Assets.xcassets; sourceTree = "<group>"; };
		A4898AC42CC77514005222FB /* Configuration.swift */ = {isa = PBXFileReference; lastKnownFileType = sourcecode.swift; path = Configuration.swift; sourceTree = "<group>"; };
		A4898AC52CC77514005222FB /* Extensions.swift */ = {isa = PBXFileReference; lastKnownFileType = sourcecode.swift; path = Extensions.swift; sourceTree = "<group>"; };
		A4898AC62CC77514005222FB /* Info.plist */ = {isa = PBXFileReference; lastKnownFileType = text.plist.xml; path = Info.plist; sourceTree = "<group>"; };
		A4898ADD2CC77528005222FB /* Launch Screen.storyboard */ = {isa = PBXFileReference; lastKnownFileType = file.storyboard; path = "Launch Screen.storyboard"; sourceTree = "<group>"; };
/* End PBXFileReference section */

/* Begin PBXFrameworksBuildPhase section */
		607FACCD1AFB9204008FA782 /* Frameworks */ = {
			isa = PBXFrameworksBuildPhase;
			buildActionMask = 2147483647;
			files = (
				D3F4CFF328EAE791002DB520 /* RxSwift in Frameworks */,
				A4625CEE2C840E7B0062F4CB /* UIExtensions in Frameworks */,
				A4D997802C86A79C00229C75 /* TONKit in Frameworks */,
				A4898AB42CC774F2005222FB /* TONKit in Frameworks */,
			);
			runOnlyForDeploymentPostprocessing = 0;
		};
/* End PBXFrameworksBuildPhase section */

/* Begin PBXGroup section */
		607FACC71AFB9204008FA782 = {
			isa = PBXGroup;
			children = (
				A4898AC92CC77514005222FB /* Sources */,
				607FACD11AFB9204008FA782 /* Products */,
				99B0F1FD39D20F44F73EBFC9 /* Frameworks */,
			);
			sourceTree = "<group>";
		};
		607FACD11AFB9204008FA782 /* Products */ = {
			isa = PBXGroup;
			children = (
				607FACD01AFB9204008FA782 /* TONKit-Example.app */,
			);
			name = Products;
			sourceTree = "<group>";
		};
		99B0F1FD39D20F44F73EBFC9 /* Frameworks */ = {
			isa = PBXGroup;
			children = (
			);
			name = Frameworks;
			sourceTree = "<group>";
		};
		A4898AC02CC77514005222FB /* Modules */ = {
			isa = PBXGroup;
			children = (
				A4898AB52CC77514005222FB /* BalanceView.swift */,
				A4898AB62CC77514005222FB /* BalanceViewModel.swift */,
				A4898AB72CC77514005222FB /* EventView.swift */,
				A4898AB82CC77514005222FB /* EventViewModel.swift */,
				A4898AB92CC77514005222FB /* LoginView.swift */,
				A4898ABA2CC77514005222FB /* LoginViewModel.swift */,
				A4898ABB2CC77514005222FB /* MainView.swift */,
				A4898ABC2CC77514005222FB /* ReceiveView.swift */,
				A4898ABD2CC77514005222FB /* ReceiveViewModel.swift */,
				A4898ABE2CC77514005222FB /* SendView.swift */,
				A4898ABF2CC77514005222FB /* SendViewModel.swift */,
			);
			path = Modules;
			sourceTree = "<group>";
		};
		A4898AC92CC77514005222FB /* Sources */ = {
			isa = PBXGroup;
			children = (
				A4898AC02CC77514005222FB /* Modules */,
				A4898AC12CC77514005222FB /* AppView.swift */,
				A4898AC22CC77514005222FB /* AppViewModel.swift */,
				A4898AC32CC77514005222FB /* Assets.xcassets */,
				A4898AC42CC77514005222FB /* Configuration.swift */,
				A4898AC52CC77514005222FB /* Extensions.swift */,
				A4898AC62CC77514005222FB /* Info.plist */,
				A4898ADD2CC77528005222FB /* Launch Screen.storyboard */,
			);
			path = Sources;
			sourceTree = "<group>";
		};
/* End PBXGroup section */

/* Begin PBXNativeTarget section */
		607FACCF1AFB9204008FA782 /* iOS Example */ = {
			isa = PBXNativeTarget;
			buildConfigurationList = 607FACEF1AFB9204008FA782 /* Build configuration list for PBXNativeTarget "iOS Example" */;
			buildPhases = (
				607FACCC1AFB9204008FA782 /* Sources */,
				607FACCD1AFB9204008FA782 /* Frameworks */,
				607FACCE1AFB9204008FA782 /* Resources */,
			);
			buildRules = (
			);
			dependencies = (
			);
			name = "iOS Example";
			packageProductDependencies = (
				D3F4CFF228EAE791002DB520 /* RxSwift */,
				A4625CED2C840E7B0062F4CB /* UIExtensions */,
				A4D9977F2C86A79C00229C75 /* TONKit */,
				A4898AB32CC774F2005222FB /* TONKit */,
			);
			productName = TonKit;
			productReference = 607FACD01AFB9204008FA782 /* TONKit-Example.app */;
			productType = "com.apple.product-type.application";
		};
/* End PBXNativeTarget section */

/* Begin PBXProject section */
		607FACC81AFB9204008FA782 /* Project object */ = {
			isa = PBXProject;
			attributes = {
				BuildIndependentTargetsInParallel = YES;
				LastSwiftUpdateCheck = 0830;
				LastUpgradeCheck = 1600;
				ORGANIZATIONNAME = "";
				TargetAttributes = {
					607FACCF1AFB9204008FA782 = {
						CreatedOnToolsVersion = 6.3.1;
						LastSwiftMigration = 0900;
					};
				};
			};
			buildConfigurationList = 607FACCB1AFB9204008FA782 /* Build configuration list for PBXProject "iOS Example" */;
			compatibilityVersion = "Xcode 15.3";
			developmentRegion = en;
			hasScannedForEncodings = 0;
			knownRegions = (
				Base,
				en,
			);
			mainGroup = 607FACC71AFB9204008FA782;
			packageReferences = (
				D3F4CFF128EAE791002DB520 /* XCRemoteSwiftPackageReference "RxSwift" */,
				A4625CEC2C840E7B0062F4CB /* XCRemoteSwiftPackageReference "UIExtensions" */,
				A4898AB22CC774F2005222FB /* XCLocalSwiftPackageReference "../../TONKit" */,
			);
			productRefGroup = 607FACD11AFB9204008FA782 /* Products */;
			projectDirPath = "";
			projectRoot = "";
			targets = (
				607FACCF1AFB9204008FA782 /* iOS Example */,
			);
		};
/* End PBXProject section */

/* Begin PBXResourcesBuildPhase section */
		607FACCE1AFB9204008FA782 /* Resources */ = {
			isa = PBXResourcesBuildPhase;
			buildActionMask = 2147483647;
			files = (
				A4898ADE2CC77528005222FB /* Launch Screen.storyboard in Resources */,
				A4898ADA2CC77514005222FB /* Assets.xcassets in Resources */,
			);
			runOnlyForDeploymentPostprocessing = 0;
		};
/* End PBXResourcesBuildPhase section */

/* Begin PBXSourcesBuildPhase section */
		607FACCC1AFB9204008FA782 /* Sources */ = {
			isa = PBXSourcesBuildPhase;
			buildActionMask = 2147483647;
			files = (
				A4898ACA2CC77514005222FB /* LoginViewModel.swift in Sources */,
				A4898ACB2CC77514005222FB /* MainView.swift in Sources */,
				A4898ACC2CC77514005222FB /* AppView.swift in Sources */,
				A4898ACD2CC77514005222FB /* AppViewModel.swift in Sources */,
				A4898ACF2CC77514005222FB /* Extensions.swift in Sources */,
				A4898AD02CC77514005222FB /* EventViewModel.swift in Sources */,
				A4898AD12CC77514005222FB /* SendView.swift in Sources */,
				A4898AD22CC77514005222FB /* EventView.swift in Sources */,
				A4898AD32CC77514005222FB /* LoginView.swift in Sources */,
				A4898AD42CC77514005222FB /* BalanceViewModel.swift in Sources */,
				A4898AD52CC77514005222FB /* ReceiveView.swift in Sources */,
				A4898AD62CC77514005222FB /* BalanceView.swift in Sources */,
				A4898AD72CC77514005222FB /* Configuration.swift in Sources */,
				A4898AD82CC77514005222FB /* SendViewModel.swift in Sources */,
				A4898AD92CC77514005222FB /* ReceiveViewModel.swift in Sources */,
			);
			runOnlyForDeploymentPostprocessing = 0;
		};
/* End PBXSourcesBuildPhase section */

/* Begin XCBuildConfiguration section */
		607FACED1AFB9204008FA782 /* Debug */ = {
			isa = XCBuildConfiguration;
			buildSettings = {
				ALWAYS_SEARCH_USER_PATHS = NO;
				CLANG_CXX_LANGUAGE_STANDARD = "gnu++0x";
				CLANG_CXX_LIBRARY = "libc++";
				CLANG_ENABLE_MODULES = YES;
				CLANG_ENABLE_OBJC_ARC = YES;
				CLANG_WARN_BLOCK_CAPTURE_AUTORELEASING = YES;
				CLANG_WARN_BOOL_CONVERSION = YES;
				CLANG_WARN_COMMA = YES;
				CLANG_WARN_CONSTANT_CONVERSION = YES;
				CLANG_WARN_DEPRECATED_OBJC_IMPLEMENTATIONS = YES;
				CLANG_WARN_DIRECT_OBJC_ISA_USAGE = YES_ERROR;
				CLANG_WARN_EMPTY_BODY = YES;
				CLANG_WARN_ENUM_CONVERSION = YES;
				CLANG_WARN_INFINITE_RECURSION = YES;
				CLANG_WARN_INT_CONVERSION = YES;
				CLANG_WARN_NON_LITERAL_NULL_CONVERSION = YES;
				CLANG_WARN_OBJC_IMPLICIT_RETAIN_SELF = YES;
				CLANG_WARN_OBJC_LITERAL_CONVERSION = YES;
				CLANG_WARN_OBJC_ROOT_CLASS = YES_ERROR;
				CLANG_WARN_QUOTED_INCLUDE_IN_FRAMEWORK_HEADER = YES;
				CLANG_WARN_RANGE_LOOP_ANALYSIS = YES;
				CLANG_WARN_STRICT_PROTOTYPES = YES;
				CLANG_WARN_SUSPICIOUS_MOVE = YES;
				CLANG_WARN_UNREACHABLE_CODE = YES;
				CLANG_WARN__DUPLICATE_METHOD_MATCH = YES;
				"CODE_SIGN_IDENTITY[sdk=iphoneos*]" = "iPhone Developer";
				COPY_PHASE_STRIP = NO;
				DEBUG_INFORMATION_FORMAT = "dwarf-with-dsym";
				ENABLE_BITCODE = NO;
				ENABLE_STRICT_OBJC_MSGSEND = YES;
				ENABLE_TESTABILITY = YES;
				ENABLE_USER_SCRIPT_SANDBOXING = YES;
				GCC_C_LANGUAGE_STANDARD = gnu99;
				GCC_DYNAMIC_NO_PIC = NO;
				GCC_NO_COMMON_BLOCKS = YES;
				GCC_OPTIMIZATION_LEVEL = 0;
				GCC_PREPROCESSOR_DEFINITIONS = (
					"DEBUG=1",
					"$(inherited)",
				);
				GCC_SYMBOLS_PRIVATE_EXTERN = NO;
				GCC_WARN_64_TO_32_BIT_CONVERSION = YES;
				GCC_WARN_ABOUT_RETURN_TYPE = YES_ERROR;
				GCC_WARN_UNDECLARED_SELECTOR = YES;
				GCC_WARN_UNINITIALIZED_AUTOS = YES_AGGRESSIVE;
				GCC_WARN_UNUSED_FUNCTION = YES;
				GCC_WARN_UNUSED_VARIABLE = YES;
				IPHONEOS_DEPLOYMENT_TARGET = 14.0;
				MTL_ENABLE_DEBUG_INFO = YES;
				ONLY_ACTIVE_ARCH = YES;
				SDKROOT = iphoneos;
				SWIFT_OPTIMIZATION_LEVEL = "-Onone";
			};
			name = Debug;
		};
		607FACEE1AFB9204008FA782 /* Release */ = {
			isa = XCBuildConfiguration;
			buildSettings = {
				ALWAYS_SEARCH_USER_PATHS = NO;
				CLANG_CXX_LANGUAGE_STANDARD = "gnu++0x";
				CLANG_CXX_LIBRARY = "libc++";
				CLANG_ENABLE_MODULES = YES;
				CLANG_ENABLE_OBJC_ARC = YES;
				CLANG_WARN_BLOCK_CAPTURE_AUTORELEASING = YES;
				CLANG_WARN_BOOL_CONVERSION = YES;
				CLANG_WARN_COMMA = YES;
				CLANG_WARN_CONSTANT_CONVERSION = YES;
				CLANG_WARN_DEPRECATED_OBJC_IMPLEMENTATIONS = YES;
				CLANG_WARN_DIRECT_OBJC_ISA_USAGE = YES_ERROR;
				CLANG_WARN_EMPTY_BODY = YES;
				CLANG_WARN_ENUM_CONVERSION = YES;
				CLANG_WARN_INFINITE_RECURSION = YES;
				CLANG_WARN_INT_CONVERSION = YES;
				CLANG_WARN_NON_LITERAL_NULL_CONVERSION = YES;
				CLANG_WARN_OBJC_IMPLICIT_RETAIN_SELF = YES;
				CLANG_WARN_OBJC_LITERAL_CONVERSION = YES;
				CLANG_WARN_OBJC_ROOT_CLASS = YES_ERROR;
				CLANG_WARN_QUOTED_INCLUDE_IN_FRAMEWORK_HEADER = YES;
				CLANG_WARN_RANGE_LOOP_ANALYSIS = YES;
				CLANG_WARN_STRICT_PROTOTYPES = YES;
				CLANG_WARN_SUSPICIOUS_MOVE = YES;
				CLANG_WARN_UNREACHABLE_CODE = YES;
				CLANG_WARN__DUPLICATE_METHOD_MATCH = YES;
				"CODE_SIGN_IDENTITY[sdk=iphoneos*]" = "iPhone Developer";
				COPY_PHASE_STRIP = NO;
				DEBUG_INFORMATION_FORMAT = "dwarf-with-dsym";
				ENABLE_BITCODE = NO;
				ENABLE_NS_ASSERTIONS = NO;
				ENABLE_STRICT_OBJC_MSGSEND = YES;
				ENABLE_USER_SCRIPT_SANDBOXING = YES;
				GCC_C_LANGUAGE_STANDARD = gnu99;
				GCC_NO_COMMON_BLOCKS = YES;
				GCC_WARN_64_TO_32_BIT_CONVERSION = YES;
				GCC_WARN_ABOUT_RETURN_TYPE = YES_ERROR;
				GCC_WARN_UNDECLARED_SELECTOR = YES;
				GCC_WARN_UNINITIALIZED_AUTOS = YES_AGGRESSIVE;
				GCC_WARN_UNUSED_FUNCTION = YES;
				GCC_WARN_UNUSED_VARIABLE = YES;
				IPHONEOS_DEPLOYMENT_TARGET = 14.0;
				MTL_ENABLE_DEBUG_INFO = NO;
				SDKROOT = iphoneos;
				SWIFT_COMPILATION_MODE = wholemodule;
				SWIFT_OPTIMIZATION_LEVEL = "-O";
				VALIDATE_PRODUCT = YES;
			};
			name = Release;
		};
		607FACF01AFB9204008FA782 /* Debug */ = {
			isa = XCBuildConfiguration;
			buildSettings = {
				ASSETCATALOG_COMPILER_APPICON_NAME = AppIcon;
				DEVELOPMENT_TEAM = "";
				INFOPLIST_FILE = Sources/Info.plist;
				IPHONEOS_DEPLOYMENT_TARGET = 16.0;
				LD_RUNPATH_SEARCH_PATHS = (
					"$(inherited)",
					"@executable_path/Frameworks",
				);
				MODULE_NAME = ExampleApp;
				PRODUCT_BUNDLE_IDENTIFIER = "com.sunimp.$(PRODUCT_NAME:rfc1034identifier)";
				PRODUCT_NAME = "TONKit-Example";
				SUPPORTED_PLATFORMS = "iphoneos iphonesimulator";
				SUPPORTS_MACCATALYST = NO;
				SUPPORTS_MAC_DESIGNED_FOR_IPHONE_IPAD = NO;
				SWIFT_SWIFT3_OBJC_INFERENCE = Default;
				SWIFT_VERSION = 5.0;
				TARGETED_DEVICE_FAMILY = 1;
			};
			name = Debug;
		};
		607FACF11AFB9204008FA782 /* Release */ = {
			isa = XCBuildConfiguration;
			buildSettings = {
				ASSETCATALOG_COMPILER_APPICON_NAME = AppIcon;
				DEVELOPMENT_TEAM = "";
				INFOPLIST_FILE = Sources/Info.plist;
				IPHONEOS_DEPLOYMENT_TARGET = 16.0;
				LD_RUNPATH_SEARCH_PATHS = (
					"$(inherited)",
					"@executable_path/Frameworks",
				);
				MODULE_NAME = ExampleApp;
				PRODUCT_BUNDLE_IDENTIFIER = "com.sunimp.$(PRODUCT_NAME:rfc1034identifier)";
				PRODUCT_NAME = "TONKit-Example";
				SUPPORTED_PLATFORMS = "iphoneos iphonesimulator";
				SUPPORTS_MACCATALYST = NO;
				SUPPORTS_MAC_DESIGNED_FOR_IPHONE_IPAD = NO;
				SWIFT_SWIFT3_OBJC_INFERENCE = Default;
				SWIFT_VERSION = 5.0;
				TARGETED_DEVICE_FAMILY = 1;
			};
			name = Release;
		};
/* End XCBuildConfiguration section */

/* Begin XCConfigurationList section */
		607FACCB1AFB9204008FA782 /* Build configuration list for PBXProject "iOS Example" */ = {
			isa = XCConfigurationList;
			buildConfigurations = (
				607FACED1AFB9204008FA782 /* Debug */,
				607FACEE1AFB9204008FA782 /* Release */,
			);
			defaultConfigurationIsVisible = 0;
			defaultConfigurationName = Release;
		};
		607FACEF1AFB9204008FA782 /* Build configuration list for PBXNativeTarget "iOS Example" */ = {
			isa = XCConfigurationList;
			buildConfigurations = (
				607FACF01AFB9204008FA782 /* Debug */,
				607FACF11AFB9204008FA782 /* Release */,
			);
			defaultConfigurationIsVisible = 0;
			defaultConfigurationName = Release;
		};
/* End XCConfigurationList section */

/* Begin XCLocalSwiftPackageReference section */
		A4898AB22CC774F2005222FB /* XCLocalSwiftPackageReference "../../TONKit" */ = {
			isa = XCLocalSwiftPackageReference;
			relativePath = ../../TONKit;
		};
/* End XCLocalSwiftPackageReference section */

/* Begin XCRemoteSwiftPackageReference section */
		A4625CEC2C840E7B0062F4CB /* XCRemoteSwiftPackageReference "UIExtensions" */ = {
			isa = XCRemoteSwiftPackageReference;
			repositoryURL = "https://github.com/sunimp/UIExtensions.git";
			requirement = {
				kind = upToNextMajorVersion;
				minimumVersion = 1.0.0;
			};
		};
		D3F4CFF128EAE791002DB520 /* XCRemoteSwiftPackageReference "RxSwift" */ = {
			isa = XCRemoteSwiftPackageReference;
			repositoryURL = "https://github.com/ReactiveX/RxSwift.git";
			requirement = {
				kind = upToNextMajorVersion;
				minimumVersion = 6.8.0;
			};
		};
/* End XCRemoteSwiftPackageReference section */

/* Begin XCSwiftPackageProductDependency section */
		A4625CED2C840E7B0062F4CB /* UIExtensions */ = {
			isa = XCSwiftPackageProductDependency;
			package = A4625CEC2C840E7B0062F4CB /* XCRemoteSwiftPackageReference "UIExtensions" */;
			productName = UIExtensions;
		};
		A4898AB32CC774F2005222FB /* TONKit */ = {
			isa = XCSwiftPackageProductDependency;
			productName = TONKit;
		};
		A4D9977F2C86A79C00229C75 /* TONKit */ = {
			isa = XCSwiftPackageProductDependency;
			productName = TONKit;
		};
		D3F4CFF228EAE791002DB520 /* RxSwift */ = {
			isa = XCSwiftPackageProductDependency;
			package = D3F4CFF128EAE791002DB520 /* XCRemoteSwiftPackageReference "RxSwift" */;
			productName = RxSwift;
		};
/* End XCSwiftPackageProductDependency section */
	};
	rootObject = 607FACC81AFB9204008FA782 /* Project object */;
}
